// !$*UTF8*$!
{
	archiveVersion = 1;
	classes = {
	};
	objectVersion = 55;
	objects = {

/* Begin PBXBuildFile section */
		1CC2EA67CE5875B39AAE5D93 /* Pods_BlissChallengeApp.framework in Frameworks */ = {isa = PBXBuildFile; fileRef = 5FC50DE8220B1D2272B8FEC8 /* Pods_BlissChallengeApp.framework */; };
		82C47C72289860D7000A31B4 /* Helpers.swift in Sources */ = {isa = PBXBuildFile; fileRef = 82C47C71289860D6000A31B4 /* Helpers.swift */; };
		82C47C75289872A7000A31B4 /* NetworkManager.swift in Sources */ = {isa = PBXBuildFile; fileRef = 82C47C74289872A7000A31B4 /* NetworkManager.swift */; };
		82C47C77289872C4000A31B4 /* AppAPI.swift in Sources */ = {isa = PBXBuildFile; fileRef = 82C47C76289872C4000A31B4 /* AppAPI.swift */; };
		82C47C7A2898730F000A31B4 /* EmojiModel.swift in Sources */ = {isa = PBXBuildFile; fileRef = 82C47C792898730F000A31B4 /* EmojiModel.swift */; };
		82C47C7D289873E1000A31B4 /* AppButton.swift in Sources */ = {isa = PBXBuildFile; fileRef = 82C47C7C289873E1000A31B4 /* AppButton.swift */; };
		82C47C8D2899816F000A31B4 /* LocalPersistence.swift in Sources */ = {isa = PBXBuildFile; fileRef = 82C47C8C2899816F000A31B4 /* LocalPersistence.swift */; };
		82C47C942899CDF2000A31B4 /* BlissChallengeApp.xcdatamodeld in Sources */ = {isa = PBXBuildFile; fileRef = 82C47C922899CDF2000A31B4 /* BlissChallengeApp.xcdatamodeld */; };
		82C47C972899CE92000A31B4 /* EmojiURL+CoreDataProperties.swift in Sources */ = {isa = PBXBuildFile; fileRef = 82C47C952899CE92000A31B4 /* EmojiURL+CoreDataProperties.swift */; };
		82C47C982899CE92000A31B4 /* EmojiURL+CoreDataClass.swift in Sources */ = {isa = PBXBuildFile; fileRef = 82C47C962899CE92000A31B4 /* EmojiURL+CoreDataClass.swift */; };
		82E4DE2C28984D9F00B118F1 /* AppDelegate.swift in Sources */ = {isa = PBXBuildFile; fileRef = 82E4DE2B28984D9F00B118F1 /* AppDelegate.swift */; };
		82E4DE2E28984D9F00B118F1 /* SceneDelegate.swift in Sources */ = {isa = PBXBuildFile; fileRef = 82E4DE2D28984D9F00B118F1 /* SceneDelegate.swift */; };
		82E4DE3028984D9F00B118F1 /* HomeViewController.swift in Sources */ = {isa = PBXBuildFile; fileRef = 82E4DE2F28984D9F00B118F1 /* HomeViewController.swift */; };
		82E4DE3328984D9F00B118F1 /* Main.storyboard in Resources */ = {isa = PBXBuildFile; fileRef = 82E4DE3128984D9F00B118F1 /* Main.storyboard */; };
		82E4DE3828984DA100B118F1 /* Assets.xcassets in Resources */ = {isa = PBXBuildFile; fileRef = 82E4DE3728984DA100B118F1 /* Assets.xcassets */; };
		82E4DE3B28984DA100B118F1 /* LaunchScreen.storyboard in Resources */ = {isa = PBXBuildFile; fileRef = 82E4DE3928984DA100B118F1 /* LaunchScreen.storyboard */; };
/* End PBXBuildFile section */

/* Begin PBXFileReference section */
		23A2AF4D5D3C6ED8EF40F46B /* Pods-BlissChallengeApp.debug.xcconfig */ = {isa = PBXFileReference; includeInIndex = 1; lastKnownFileType = text.xcconfig; name = "Pods-BlissChallengeApp.debug.xcconfig"; path = "Target Support Files/Pods-BlissChallengeApp/Pods-BlissChallengeApp.debug.xcconfig"; sourceTree = "<group>"; };
		5FC50DE8220B1D2272B8FEC8 /* Pods_BlissChallengeApp.framework */ = {isa = PBXFileReference; explicitFileType = wrapper.framework; includeInIndex = 0; path = Pods_BlissChallengeApp.framework; sourceTree = BUILT_PRODUCTS_DIR; };
		82C47C71289860D6000A31B4 /* Helpers.swift */ = {isa = PBXFileReference; lastKnownFileType = sourcecode.swift; path = Helpers.swift; sourceTree = "<group>"; };
		82C47C74289872A7000A31B4 /* NetworkManager.swift */ = {isa = PBXFileReference; lastKnownFileType = sourcecode.swift; path = NetworkManager.swift; sourceTree = "<group>"; };
		82C47C76289872C4000A31B4 /* AppAPI.swift */ = {isa = PBXFileReference; lastKnownFileType = sourcecode.swift; path = AppAPI.swift; sourceTree = "<group>"; };
		82C47C792898730F000A31B4 /* EmojiModel.swift */ = {isa = PBXFileReference; lastKnownFileType = sourcecode.swift; path = EmojiModel.swift; sourceTree = "<group>"; };
		82C47C7C289873E1000A31B4 /* AppButton.swift */ = {isa = PBXFileReference; lastKnownFileType = sourcecode.swift; path = AppButton.swift; sourceTree = "<group>"; };
		82C47C8C2899816F000A31B4 /* LocalPersistence.swift */ = {isa = PBXFileReference; lastKnownFileType = sourcecode.swift; path = LocalPersistence.swift; sourceTree = "<group>"; };
		82C47C932899CDF2000A31B4 /* BlissChallengeApp.xcdatamodel */ = {isa = PBXFileReference; lastKnownFileType = wrapper.xcdatamodel; path = BlissChallengeApp.xcdatamodel; sourceTree = "<group>"; };
		82C47C952899CE92000A31B4 /* EmojiURL+CoreDataProperties.swift */ = {isa = PBXFileReference; fileEncoding = 4; lastKnownFileType = sourcecode.swift; path = "EmojiURL+CoreDataProperties.swift"; sourceTree = "<group>"; };
		82C47C962899CE92000A31B4 /* EmojiURL+CoreDataClass.swift */ = {isa = PBXFileReference; fileEncoding = 4; lastKnownFileType = sourcecode.swift; path = "EmojiURL+CoreDataClass.swift"; sourceTree = "<group>"; };
		82E4DE2828984D9F00B118F1 /* BlissChallengeApp.app */ = {isa = PBXFileReference; explicitFileType = wrapper.application; includeInIndex = 0; path = BlissChallengeApp.app; sourceTree = BUILT_PRODUCTS_DIR; };
		82E4DE2B28984D9F00B118F1 /* AppDelegate.swift */ = {isa = PBXFileReference; lastKnownFileType = sourcecode.swift; path = AppDelegate.swift; sourceTree = "<group>"; };
		82E4DE2D28984D9F00B118F1 /* SceneDelegate.swift */ = {isa = PBXFileReference; lastKnownFileType = sourcecode.swift; path = SceneDelegate.swift; sourceTree = "<group>"; };
		82E4DE2F28984D9F00B118F1 /* HomeViewController.swift */ = {isa = PBXFileReference; lastKnownFileType = sourcecode.swift; path = HomeViewController.swift; sourceTree = "<group>"; };
		82E4DE3228984D9F00B118F1 /* Base */ = {isa = PBXFileReference; lastKnownFileType = file.storyboard; name = Base; path = Base.lproj/Main.storyboard; sourceTree = "<group>"; };
		82E4DE3728984DA100B118F1 /* Assets.xcassets */ = {isa = PBXFileReference; lastKnownFileType = folder.assetcatalog; path = Assets.xcassets; sourceTree = "<group>"; };
		82E4DE3A28984DA100B118F1 /* Base */ = {isa = PBXFileReference; lastKnownFileType = file.storyboard; name = Base; path = Base.lproj/LaunchScreen.storyboard; sourceTree = "<group>"; };
		82E4DE3C28984DA100B118F1 /* Info.plist */ = {isa = PBXFileReference; lastKnownFileType = text.plist.xml; path = Info.plist; sourceTree = "<group>"; };
		E59424D2AF76199D72517B21 /* Pods-BlissChallengeApp.release.xcconfig */ = {isa = PBXFileReference; includeInIndex = 1; lastKnownFileType = text.xcconfig; name = "Pods-BlissChallengeApp.release.xcconfig"; path = "Target Support Files/Pods-BlissChallengeApp/Pods-BlissChallengeApp.release.xcconfig"; sourceTree = "<group>"; };
/* End PBXFileReference section */

/* Begin PBXFrameworksBuildPhase section */
		82E4DE2528984D9F00B118F1 /* Frameworks */ = {
			isa = PBXFrameworksBuildPhase;
			buildActionMask = 2147483647;
			files = (
				1CC2EA67CE5875B39AAE5D93 /* Pods_BlissChallengeApp.framework in Frameworks */,
			);
			runOnlyForDeploymentPostprocessing = 0;
		};
/* End PBXFrameworksBuildPhase section */

/* Begin PBXGroup section */
		82C47C7328987275000A31B4 /* NetworkManagers */ = {
			isa = PBXGroup;
			children = (
				82C47C74289872A7000A31B4 /* NetworkManager.swift */,
				82C47C76289872C4000A31B4 /* AppAPI.swift */,
			);
			path = NetworkManagers;
			sourceTree = "<group>";
		};
		82C47C78289872FB000A31B4 /* Models */ = {
			isa = PBXGroup;
			children = (
				82C47C792898730F000A31B4 /* EmojiModel.swift */,
			);
			path = Models;
			sourceTree = "<group>";
		};
		82C47C7B289873C5000A31B4 /* Reusables */ = {
			isa = PBXGroup;
			children = (
				82C47C7C289873E1000A31B4 /* AppButton.swift */,
			);
			path = Reusables;
			sourceTree = "<group>";
		};
		82C47C8B2899814C000A31B4 /* RealmClasses */ = {
			isa = PBXGroup;
			children = (
				82C47C8C2899816F000A31B4 /* LocalPersistence.swift */,
			);
			path = RealmClasses;
			sourceTree = "<group>";
		};
		82C47C912899CDD7000A31B4 /* CoreDataFiles */ = {
			isa = PBXGroup;
			children = (
				82C47C952899CE92000A31B4 /* EmojiURL+CoreDataProperties.swift */,
				82C47C962899CE92000A31B4 /* EmojiURL+CoreDataClass.swift */,
				82C47C922899CDF2000A31B4 /* BlissChallengeApp.xcdatamodeld */,
			);
			path = CoreDataFiles;
			sourceTree = "<group>";
		};
		82E4DE1F28984D9F00B118F1 = {
			isa = PBXGroup;
			children = (
				82E4DE2A28984D9F00B118F1 /* BlissChallengeApp */,
				82E4DE2928984D9F00B118F1 /* Products */,
				B9612E5867803F8CA0450161 /* Pods */,
				D4D3B0ACC308B6CEF5DFA3EA /* Frameworks */,
			);
			sourceTree = "<group>";
		};
		82E4DE2928984D9F00B118F1 /* Products */ = {
			isa = PBXGroup;
			children = (
				82E4DE2828984D9F00B118F1 /* BlissChallengeApp.app */,
			);
			name = Products;
			sourceTree = "<group>";
		};
		82E4DE2A28984D9F00B118F1 /* BlissChallengeApp */ = {
			isa = PBXGroup;
			children = (
				82C47C912899CDD7000A31B4 /* CoreDataFiles */,
				82C47C8B2899814C000A31B4 /* RealmClasses */,
				82C47C7B289873C5000A31B4 /* Reusables */,
				82C47C78289872FB000A31B4 /* Models */,
				82C47C7328987275000A31B4 /* NetworkManagers */,
				82E4DE422898599A00B118F1 /* Delegates */,
				82E4DE44289859C400B118F1 /* ViewControllers */,
				82E4DE43289859B300B118F1 /* Views */,
				82E4DE45289859D300B118F1 /* Common */,
				82E4DE3C28984DA100B118F1 /* Info.plist */,
			);
			path = BlissChallengeApp;
			sourceTree = "<group>";
		};
		82E4DE422898599A00B118F1 /* Delegates */ = {
			isa = PBXGroup;
			children = (
				82E4DE2B28984D9F00B118F1 /* AppDelegate.swift */,
				82E4DE2D28984D9F00B118F1 /* SceneDelegate.swift */,
			);
			path = Delegates;
			sourceTree = "<group>";
		};
		82E4DE43289859B300B118F1 /* Views */ = {
			isa = PBXGroup;
			children = (
				82E4DE3128984D9F00B118F1 /* Main.storyboard */,
				82E4DE3928984DA100B118F1 /* LaunchScreen.storyboard */,
			);
			path = Views;
			sourceTree = "<group>";
		};
		82E4DE44289859C400B118F1 /* ViewControllers */ = {
			isa = PBXGroup;
			children = (
				82E4DE2F28984D9F00B118F1 /* HomeViewController.swift */,
			);
			path = ViewControllers;
			sourceTree = "<group>";
		};
		82E4DE45289859D300B118F1 /* Common */ = {
			isa = PBXGroup;
			children = (
				82E4DE3728984DA100B118F1 /* Assets.xcassets */,
				82C47C71289860D6000A31B4 /* Helpers.swift */,
			);
			path = Common;
			sourceTree = "<group>";
		};
		B9612E5867803F8CA0450161 /* Pods */ = {
			isa = PBXGroup;
			children = (
				23A2AF4D5D3C6ED8EF40F46B /* Pods-BlissChallengeApp.debug.xcconfig */,
				E59424D2AF76199D72517B21 /* Pods-BlissChallengeApp.release.xcconfig */,
			);
			path = Pods;
			sourceTree = "<group>";
		};
		D4D3B0ACC308B6CEF5DFA3EA /* Frameworks */ = {
			isa = PBXGroup;
			children = (
				5FC50DE8220B1D2272B8FEC8 /* Pods_BlissChallengeApp.framework */,
			);
			name = Frameworks;
			sourceTree = "<group>";
		};
/* End PBXGroup section */

/* Begin PBXNativeTarget section */
		82E4DE2728984D9F00B118F1 /* BlissChallengeApp */ = {
			isa = PBXNativeTarget;
			buildConfigurationList = 82E4DE3F28984DA100B118F1 /* Build configuration list for PBXNativeTarget "BlissChallengeApp" */;
			buildPhases = (
				E2384B8FAC646E2EB9309DC5 /* [CP] Check Pods Manifest.lock */,
				82E4DE2428984D9F00B118F1 /* Sources */,
				82E4DE2528984D9F00B118F1 /* Frameworks */,
				82E4DE2628984D9F00B118F1 /* Resources */,
				C18B47BFA3CCE51536388E58 /* [CP] Embed Pods Frameworks */,
			);
			buildRules = (
			);
			dependencies = (
			);
			name = BlissChallengeApp;
			productName = BlissChallengeApp;
			productReference = 82E4DE2828984D9F00B118F1 /* BlissChallengeApp.app */;
			productType = "com.apple.product-type.application";
		};
/* End PBXNativeTarget section */

/* Begin PBXProject section */
		82E4DE2028984D9F00B118F1 /* Project object */ = {
			isa = PBXProject;
			attributes = {
				BuildIndependentTargetsInParallel = 1;
				LastSwiftUpdateCheck = 1330;
				LastUpgradeCheck = 1330;
				TargetAttributes = {
					82E4DE2728984D9F00B118F1 = {
						CreatedOnToolsVersion = 13.3.1;
					};
				};
			};
			buildConfigurationList = 82E4DE2328984D9F00B118F1 /* Build configuration list for PBXProject "BlissChallengeApp" */;
			compatibilityVersion = "Xcode 13.0";
			developmentRegion = en;
			hasScannedForEncodings = 0;
			knownRegions = (
				en,
				Base,
			);
			mainGroup = 82E4DE1F28984D9F00B118F1;
			productRefGroup = 82E4DE2928984D9F00B118F1 /* Products */;
			projectDirPath = "";
			projectRoot = "";
			targets = (
				82E4DE2728984D9F00B118F1 /* BlissChallengeApp */,
			);
		};
/* End PBXProject section */

/* Begin PBXResourcesBuildPhase section */
		82E4DE2628984D9F00B118F1 /* Resources */ = {
			isa = PBXResourcesBuildPhase;
			buildActionMask = 2147483647;
			files = (
				82E4DE3B28984DA100B118F1 /* LaunchScreen.storyboard in Resources */,
				82E4DE3828984DA100B118F1 /* Assets.xcassets in Resources */,
				82E4DE3328984D9F00B118F1 /* Main.storyboard in Resources */,
			);
			runOnlyForDeploymentPostprocessing = 0;
		};
/* End PBXResourcesBuildPhase section */

/* Begin PBXShellScriptBuildPhase section */
		C18B47BFA3CCE51536388E58 /* [CP] Embed Pods Frameworks */ = {
			isa = PBXShellScriptBuildPhase;
			buildActionMask = 2147483647;
			files = (
			);
			inputFileListPaths = (
				"${PODS_ROOT}/Target Support Files/Pods-BlissChallengeApp/Pods-BlissChallengeApp-frameworks-${CONFIGURATION}-input-files.xcfilelist",
			);
			name = "[CP] Embed Pods Frameworks";
			outputFileListPaths = (
				"${PODS_ROOT}/Target Support Files/Pods-BlissChallengeApp/Pods-BlissChallengeApp-frameworks-${CONFIGURATION}-output-files.xcfilelist",
			);
			runOnlyForDeploymentPostprocessing = 0;
			shellPath = /bin/sh;
			shellScript = "\"${PODS_ROOT}/Target Support Files/Pods-BlissChallengeApp/Pods-BlissChallengeApp-frameworks.sh\"\n";
			showEnvVarsInLog = 0;
		};
		E2384B8FAC646E2EB9309DC5 /* [CP] Check Pods Manifest.lock */ = {
			isa = PBXShellScriptBuildPhase;
			buildActionMask = 2147483647;
			files = (
			);
			inputFileListPaths = (
			);
			inputPaths = (
				"${PODS_PODFILE_DIR_PATH}/Podfile.lock",
				"${PODS_ROOT}/Manifest.lock",
			);
			name = "[CP] Check Pods Manifest.lock";
			outputFileListPaths = (
			);
			outputPaths = (
				"$(DERIVED_FILE_DIR)/Pods-BlissChallengeApp-checkManifestLockResult.txt",
			);
			runOnlyForDeploymentPostprocessing = 0;
			shellPath = /bin/sh;
			shellScript = "diff \"${PODS_PODFILE_DIR_PATH}/Podfile.lock\" \"${PODS_ROOT}/Manifest.lock\" > /dev/null\nif [ $? != 0 ] ; then\n    # print error to STDERR\n    echo \"error: The sandbox is not in sync with the Podfile.lock. Run 'pod install' or update your CocoaPods installation.\" >&2\n    exit 1\nfi\n# This output is used by Xcode 'outputs' to avoid re-running this script phase.\necho \"SUCCESS\" > \"${SCRIPT_OUTPUT_FILE_0}\"\n";
			showEnvVarsInLog = 0;
		};
/* End PBXShellScriptBuildPhase section */

/* Begin PBXSourcesBuildPhase section */
		82E4DE2428984D9F00B118F1 /* Sources */ = {
			isa = PBXSourcesBuildPhase;
			buildActionMask = 2147483647;
			files = (
				82C47C7A2898730F000A31B4 /* EmojiModel.swift in Sources */,
				82C47C972899CE92000A31B4 /* EmojiURL+CoreDataProperties.swift in Sources */,
				82C47C75289872A7000A31B4 /* NetworkManager.swift in Sources */,
				82C47C77289872C4000A31B4 /* AppAPI.swift in Sources */,
				82C47C7D289873E1000A31B4 /* AppButton.swift in Sources */,
				82E4DE3028984D9F00B118F1 /* HomeViewController.swift in Sources */,
				82C47C942899CDF2000A31B4 /* BlissChallengeApp.xcdatamodeld in Sources */,
				82E4DE2C28984D9F00B118F1 /* AppDelegate.swift in Sources */,
				82E4DE2E28984D9F00B118F1 /* SceneDelegate.swift in Sources */,
				82C47C8D2899816F000A31B4 /* LocalPersistence.swift in Sources */,
				82C47C982899CE92000A31B4 /* EmojiURL+CoreDataClass.swift in Sources */,
				82C47C72289860D7000A31B4 /* Helpers.swift in Sources */,
			);
			runOnlyForDeploymentPostprocessing = 0;
		};
/* End PBXSourcesBuildPhase section */

/* Begin PBXVariantGroup section */
		82E4DE3128984D9F00B118F1 /* Main.storyboard */ = {
			isa = PBXVariantGroup;
			children = (
				82E4DE3228984D9F00B118F1 /* Base */,
			);
			name = Main.storyboard;
			sourceTree = "<group>";
		};
		82E4DE3928984DA100B118F1 /* LaunchScreen.storyboard */ = {
			isa = PBXVariantGroup;
			children = (
				82E4DE3A28984DA100B118F1 /* Base */,
			);
			name = LaunchScreen.storyboard;
			sourceTree = "<group>";
		};
/* End PBXVariantGroup section */

/* Begin XCBuildConfiguration section */
		82E4DE3D28984DA100B118F1 /* Debug */ = {
			isa = XCBuildConfiguration;
			buildSettings = {
				ALWAYS_SEARCH_USER_PATHS = NO;
				CLANG_ANALYZER_NONNULL = YES;
				CLANG_ANALYZER_NUMBER_OBJECT_CONVERSION = YES_AGGRESSIVE;
				CLANG_CXX_LANGUAGE_STANDARD = "gnu++17";
				CLANG_ENABLE_MODULES = YES;
				CLANG_ENABLE_OBJC_ARC = YES;
				CLANG_ENABLE_OBJC_WEAK = YES;
				CLANG_WARN_BLOCK_CAPTURE_AUTORELEASING = YES;
				CLANG_WARN_BOOL_CONVERSION = YES;
				CLANG_WARN_COMMA = YES;
				CLANG_WARN_CONSTANT_CONVERSION = YES;
				CLANG_WARN_DEPRECATED_OBJC_IMPLEMENTATIONS = YES;
				CLANG_WARN_DIRECT_OBJC_ISA_USAGE = YES_ERROR;
				CLANG_WARN_DOCUMENTATION_COMMENTS = YES;
				CLANG_WARN_EMPTY_BODY = YES;
				CLANG_WARN_ENUM_CONVERSION = YES;
				CLANG_WARN_INFINITE_RECURSION = YES;
				CLANG_WARN_INT_CONVERSION = YES;
				CLANG_WARN_NON_LITERAL_NULL_CONVERSION = YES;
				CLANG_WARN_OBJC_IMPLICIT_RETAIN_SELF = YES;
				CLANG_WARN_OBJC_LITERAL_CONVERSION = YES;
				CLANG_WARN_OBJC_ROOT_CLASS = YES_ERROR;
				CLANG_WARN_QUOTED_INCLUDE_IN_FRAMEWORK_HEADER = YES;
				CLANG_WARN_RANGE_LOOP_ANALYSIS = YES;
				CLANG_WARN_STRICT_PROTOTYPES = YES;
				CLANG_WARN_SUSPICIOUS_MOVE = YES;
				CLANG_WARN_UNGUARDED_AVAILABILITY = YES_AGGRESSIVE;
				CLANG_WARN_UNREACHABLE_CODE = YES;
				CLANG_WARN__DUPLICATE_METHOD_MATCH = YES;
				COPY_PHASE_STRIP = NO;
				DEBUG_INFORMATION_FORMAT = dwarf;
				ENABLE_STRICT_OBJC_MSGSEND = YES;
				ENABLE_TESTABILITY = YES;
				GCC_C_LANGUAGE_STANDARD = gnu11;
				GCC_DYNAMIC_NO_PIC = NO;
				GCC_NO_COMMON_BLOCKS = YES;
				GCC_OPTIMIZATION_LEVEL = 0;
				GCC_PREPROCESSOR_DEFINITIONS = (
					"DEBUG=1",
					"$(inherited)",
				);
				GCC_WARN_64_TO_32_BIT_CONVERSION = YES;
				GCC_WARN_ABOUT_RETURN_TYPE = YES_ERROR;
				GCC_WARN_UNDECLARED_SELECTOR = YES;
				GCC_WARN_UNINITIALIZED_AUTOS = YES_AGGRESSIVE;
				GCC_WARN_UNUSED_FUNCTION = YES;
				GCC_WARN_UNUSED_VARIABLE = YES;
				IPHONEOS_DEPLOYMENT_TARGET = 15.4;
				MTL_ENABLE_DEBUG_INFO = INCLUDE_SOURCE;
				MTL_FAST_MATH = YES;
				ONLY_ACTIVE_ARCH = YES;
				SDKROOT = iphoneos;
				SWIFT_ACTIVE_COMPILATION_CONDITIONS = DEBUG;
				SWIFT_OPTIMIZATION_LEVEL = "-Onone";
			};
			name = Debug;
		};
		82E4DE3E28984DA100B118F1 /* Release */ = {
			isa = XCBuildConfiguration;
			buildSettings = {
				ALWAYS_SEARCH_USER_PATHS = NO;
				CLANG_ANALYZER_NONNULL = YES;
				CLANG_ANALYZER_NUMBER_OBJECT_CONVERSION = YES_AGGRESSIVE;
				CLANG_CXX_LANGUAGE_STANDARD = "gnu++17";
				CLANG_ENABLE_MODULES = YES;
				CLANG_ENABLE_OBJC_ARC = YES;
				CLANG_ENABLE_OBJC_WEAK = YES;
				CLANG_WARN_BLOCK_CAPTURE_AUTORELEASING = YES;
				CLANG_WARN_BOOL_CONVERSION = YES;
				CLANG_WARN_COMMA = YES;
				CLANG_WARN_CONSTANT_CONVERSION = YES;
				CLANG_WARN_DEPRECATED_OBJC_IMPLEMENTATIONS = YES;
				CLANG_WARN_DIRECT_OBJC_ISA_USAGE = YES_ERROR;
				CLANG_WARN_DOCUMENTATION_COMMENTS = YES;
				CLANG_WARN_EMPTY_BODY = YES;
				CLANG_WARN_ENUM_CONVERSION = YES;
				CLANG_WARN_INFINITE_RECURSION = YES;
				CLANG_WARN_INT_CONVERSION = YES;
				CLANG_WARN_NON_LITERAL_NULL_CONVERSION = YES;
				CLANG_WARN_OBJC_IMPLICIT_RETAIN_SELF = YES;
				CLANG_WARN_OBJC_LITERAL_CONVERSION = YES;
				CLANG_WARN_OBJC_ROOT_CLASS = YES_ERROR;
				CLANG_WARN_QUOTED_INCLUDE_IN_FRAMEWORK_HEADER = YES;
				CLANG_WARN_RANGE_LOOP_ANALYSIS = YES;
				CLANG_WARN_STRICT_PROTOTYPES = YES;
				CLANG_WARN_SUSPICIOUS_MOVE = YES;
				CLANG_WARN_UNGUARDED_AVAILABILITY = YES_AGGRESSIVE;
				CLANG_WARN_UNREACHABLE_CODE = YES;
				CLANG_WARN__DUPLICATE_METHOD_MATCH = YES;
				COPY_PHASE_STRIP = NO;
				DEBUG_INFORMATION_FORMAT = "dwarf-with-dsym";
				ENABLE_NS_ASSERTIONS = NO;
				ENABLE_STRICT_OBJC_MSGSEND = YES;
				GCC_C_LANGUAGE_STANDARD = gnu11;
				GCC_NO_COMMON_BLOCKS = YES;
				GCC_WARN_64_TO_32_BIT_CONVERSION = YES;
				GCC_WARN_ABOUT_RETURN_TYPE = YES_ERROR;
				GCC_WARN_UNDECLARED_SELECTOR = YES;
				GCC_WARN_UNINITIALIZED_AUTOS = YES_AGGRESSIVE;
				GCC_WARN_UNUSED_FUNCTION = YES;
				GCC_WARN_UNUSED_VARIABLE = YES;
				IPHONEOS_DEPLOYMENT_TARGET = 15.4;
				MTL_ENABLE_DEBUG_INFO = NO;
				MTL_FAST_MATH = YES;
				SDKROOT = iphoneos;
				SWIFT_COMPILATION_MODE = wholemodule;
				SWIFT_OPTIMIZATION_LEVEL = "-O";
				VALIDATE_PRODUCT = YES;
			};
			name = Release;
		};
		82E4DE4028984DA100B118F1 /* Debug */ = {
			isa = XCBuildConfiguration;
			baseConfigurationReference = 23A2AF4D5D3C6ED8EF40F46B /* Pods-BlissChallengeApp.debug.xcconfig */;
			buildSettings = {
				ASSETCATALOG_COMPILER_APPICON_NAME = AppIcon;
				ASSETCATALOG_COMPILER_GLOBAL_ACCENT_COLOR_NAME = AccentColor;
				CODE_SIGN_STYLE = Automatic;
				CURRENT_PROJECT_VERSION = 1;
				DEVELOPMENT_TEAM = L5KQK28X5U;
				GENERATE_INFOPLIST_FILE = YES;
				INFOPLIST_FILE = BlissChallengeApp/Info.plist;
				INFOPLIST_KEY_UIApplicationSupportsIndirectInputEvents = YES;
				INFOPLIST_KEY_UILaunchStoryboardName = LaunchScreen;
				INFOPLIST_KEY_UIMainStoryboardFile = Main;
				INFOPLIST_KEY_UISupportedInterfaceOrientations_iPad = "UIInterfaceOrientationPortrait UIInterfaceOrientationPortraitUpsideDown UIInterfaceOrientationLandscapeLeft UIInterfaceOrientationLandscapeRight";
				INFOPLIST_KEY_UISupportedInterfaceOrientations_iPhone = "UIInterfaceOrientationPortrait UIInterfaceOrientationLandscapeLeft UIInterfaceOrientationLandscapeRight";
				LD_RUNPATH_SEARCH_PATHS = (
					"$(inherited)",
					"@executable_path/Frameworks",
				);
				MARKETING_VERSION = 1.0;
				PRODUCT_BUNDLE_IDENTIFIER = com.tesddev.BlissChallengeApp;
				PRODUCT_NAME = "$(TARGET_NAME)";
				SWIFT_EMIT_LOC_STRINGS = YES;
				SWIFT_VERSION = 5.0;
				TARGETED_DEVICE_FAMILY = "1,2";
			};
			name = Debug;
		};
		82E4DE4128984DA100B118F1 /* Release */ = {
			isa = XCBuildConfiguration;
			baseConfigurationReference = E59424D2AF76199D72517B21 /* Pods-BlissChallengeApp.release.xcconfig */;
			buildSettings = {
				ASSETCATALOG_COMPILER_APPICON_NAME = AppIcon;
				ASSETCATALOG_COMPILER_GLOBAL_ACCENT_COLOR_NAME = AccentColor;
				CODE_SIGN_STYLE = Automatic;
				CURRENT_PROJECT_VERSION = 1;
				DEVELOPMENT_TEAM = L5KQK28X5U;
				GENERATE_INFOPLIST_FILE = YES;
				INFOPLIST_FILE = BlissChallengeApp/Info.plist;
				INFOPLIST_KEY_UIApplicationSupportsIndirectInputEvents = YES;
				INFOPLIST_KEY_UILaunchStoryboardName = LaunchScreen;
				INFOPLIST_KEY_UIMainStoryboardFile = Main;
				INFOPLIST_KEY_UISupportedInterfaceOrientations_iPad = "UIInterfaceOrientationPortrait UIInterfaceOrientationPortraitUpsideDown UIInterfaceOrientationLandscapeLeft UIInterfaceOrientationLandscapeRight";
				INFOPLIST_KEY_UISupportedInterfaceOrientations_iPhone = "UIInterfaceOrientationPortrait UIInterfaceOrientationLandscapeLeft UIInterfaceOrientationLandscapeRight";
				LD_RUNPATH_SEARCH_PATHS = (
					"$(inherited)",
					"@executable_path/Frameworks",
				);
				MARKETING_VERSION = 1.0;
				PRODUCT_BUNDLE_IDENTIFIER = com.tesddev.BlissChallengeApp;
				PRODUCT_NAME = "$(TARGET_NAME)";
				SWIFT_EMIT_LOC_STRINGS = YES;
				SWIFT_VERSION = 5.0;
				TARGETED_DEVICE_FAMILY = "1,2";
			};
			name = Release;
		};
/* End XCBuildConfiguration section */

/* Begin XCConfigurationList section */
		82E4DE2328984D9F00B118F1 /* Build configuration list for PBXProject "BlissChallengeApp" */ = {
			isa = XCConfigurationList;
			buildConfigurations = (
				82E4DE3D28984DA100B118F1 /* Debug */,
				82E4DE3E28984DA100B118F1 /* Release */,
			);
			defaultConfigurationIsVisible = 0;
			defaultConfigurationName = Release;
		};
		82E4DE3F28984DA100B118F1 /* Build configuration list for PBXNativeTarget "BlissChallengeApp" */ = {
			isa = XCConfigurationList;
			buildConfigurations = (
				82E4DE4028984DA100B118F1 /* Debug */,
				82E4DE4128984DA100B118F1 /* Release */,
			);
			defaultConfigurationIsVisible = 0;
			defaultConfigurationName = Release;
		};
/* End XCConfigurationList section */

/* Begin XCVersionGroup section */
		82C47C922899CDF2000A31B4 /* BlissChallengeApp.xcdatamodeld */ = {
			isa = XCVersionGroup;
			children = (
				82C47C932899CDF2000A31B4 /* BlissChallengeApp.xcdatamodel */,
			);
			currentVersion = 82C47C932899CDF2000A31B4 /* BlissChallengeApp.xcdatamodel */;
			path = BlissChallengeApp.xcdatamodeld;
			sourceTree = "<group>";
			versionGroupType = wrapper.xcdatamodel;
		};
/* End XCVersionGroup section */
	};
	rootObject = 82E4DE2028984D9F00B118F1 /* Project object */;
}
